
Microsoft Visual Studio Solution File, Format Version 12.00
# Visual Studio Version 16
VisualStudioVersion = 25.0.1705.4
MinimumVisualStudioVersion = 10.0.40219.1
Project("{FAE04EC0-301F-11D3-BF4B-00C04F79EFBC}") = "PriceAggregator.API", "PriceAggregator.API\PriceAggregator.API.csproj", "{7A79D46D-9C09-43F9-BEB1-2BC6DFE3DE52}"
EndProject
Project("{FAE04EC0-301F-11D3-BF4B-00C04F79EFBC}") = "PriceAggregator.IntegrationTests", "PriceAggregator.IntegrationTests\PriceAggregator.IntegrationTests.csproj", "{D5FA2B7A-BEE2-42E3-9C40-C10CDB987C9A}"
EndProject
Project("{2150E333-8FDC-42A3-9474-1A3956D46DE8}") = "SolutionItems", "SolutionItems", "{838949D0-6419-4983-8EE4-6A12F65661AA}"
	ProjectSection(SolutionItems) = preProject
		README.md = README.md
		docker-compose.yml = docker-compose.yml
	EndProjectSection
EndProject
Project("{2150E333-8FDC-42A3-9474-1A3956D46DE8}") = ".circleCI", ".circleCI", "{B2B7A1C4-88C9-4FCD-8A3C-DCB28CB4A320}"
	ProjectSection(SolutionItems) = preProject
		.circleci\config.yml = .circleci\config.yml
	EndProjectSection
EndProject
Project("{FAE04EC0-301F-11D3-BF4B-00C04F79EFBC}") = "PriceAggregator.Domain", "PriceAggregator.Domain\PriceAggregator.Domain.csproj", "{CA0C6E5A-E07F-46A9-9AD9-D8FC291DE099}"
EndProject
Project("{FAE04EC0-301F-11D3-BF4B-00C04F79EFBC}") = "PriceAggregator.Infrastructure", "PriceAggregator.Infrastructure\PriceAggregator.Infrastructure.csproj", "{96EF2987-59AB-4DD7-9E75-5D6D466A3659}"
EndProject
Project("{FAE04EC0-301F-11D3-BF4B-00C04F79EFBC}") = "PriceAggregator.Application", "PriceAggregator.Application\PriceAggregator.Application.csproj", "{5E1E869C-792F-4633-83A4-D72FEC8569D9}"
EndProject
Project("{2150E333-8FDC-42A3-9474-1A3956D46DE8}") = "tests", "tests", "{7EBD42F4-A0F4-482F-90BC-A07A6FFDAA87}"
EndProject
Project("{FAE04EC0-301F-11D3-BF4B-00C04F79EFBC}") = "PriceAggregator.Application.UnitTests", "PriceAggregator.Application.UnitTests\PriceAggregator.Application.UnitTests.csproj", "{96A53BDA-BDA3-46D0-A953-E0A255F6AA77}"
EndProject
Project("{FAE04EC0-301F-11D3-BF4B-00C04F79EFBC}") = "PriceAggregator.API.UnitTests", "PriceAggregator.API.UnitTests\PriceAggregator.API.UnitTests.csproj", "{68FB749C-0825-4CD9-89DC-8A323CA14B8F}"
EndProject
Project("{FAE04EC0-301F-11D3-BF4B-00C04F79EFBC}") = "PriceAggregator.Domain.UnitTests", "tests\PriceAggregator.Domain.UnitTests\PriceAggregator.Domain.UnitTests.csproj", "{8D71C5AB-D093-457A-9E83-8A66559D764B}"
EndProject
Global
	GlobalSection(SolutionConfigurationPlatforms) = preSolution
		Debug|Any CPU = Debug|Any CPU
		Release|Any CPU = Release|Any CPU
	EndGlobalSection
	GlobalSection(ProjectConfigurationPlatforms) = postSolution
		{7A79D46D-9C09-43F9-BEB1-2BC6DFE3DE52}.Debug|Any CPU.ActiveCfg = Debug|Any CPU
		{7A79D46D-9C09-43F9-BEB1-2BC6DFE3DE52}.Debug|Any CPU.Build.0 = Debug|Any CPU
		{7A79D46D-9C09-43F9-BEB1-2BC6DFE3DE52}.Release|Any CPU.ActiveCfg = Release|Any CPU
		{7A79D46D-9C09-43F9-BEB1-2BC6DFE3DE52}.Release|Any CPU.Build.0 = Release|Any CPU
		{D5FA2B7A-BEE2-42E3-9C40-C10CDB987C9A}.Debug|Any CPU.ActiveCfg = Debug|Any CPU
		{D5FA2B7A-BEE2-42E3-9C40-C10CDB987C9A}.Debug|Any CPU.Build.0 = Debug|Any CPU
		{D5FA2B7A-BEE2-42E3-9C40-C10CDB987C9A}.Release|Any CPU.ActiveCfg = Release|Any CPU
		{D5FA2B7A-BEE2-42E3-9C40-C10CDB987C9A}.Release|Any CPU.Build.0 = Release|Any CPU
		{CA0C6E5A-E07F-46A9-9AD9-D8FC291DE099}.Debug|Any CPU.ActiveCfg = Debug|Any CPU
		{CA0C6E5A-E07F-46A9-9AD9-D8FC291DE099}.Debug|Any CPU.Build.0 = Debug|Any CPU
		{CA0C6E5A-E07F-46A9-9AD9-D8FC291DE099}.Release|Any CPU.ActiveCfg = Release|Any CPU
		{CA0C6E5A-E07F-46A9-9AD9-D8FC291DE099}.Release|Any CPU.Build.0 = Release|Any CPU
		{96EF2987-59AB-4DD7-9E75-5D6D466A3659}.Debug|Any CPU.ActiveCfg = Debug|Any CPU
		{96EF2987-59AB-4DD7-9E75-5D6D466A3659}.Debug|Any CPU.Build.0 = Debug|Any CPU
		{96EF2987-59AB-4DD7-9E75-5D6D466A3659}.Release|Any CPU.ActiveCfg = Release|Any CPU
		{96EF2987-59AB-4DD7-9E75-5D6D466A3659}.Release|Any CPU.Build.0 = Release|Any CPU
		{5E1E869C-792F-4633-83A4-D72FEC8569D9}.Debug|Any CPU.ActiveCfg = Debug|Any CPU
		{5E1E869C-792F-4633-83A4-D72FEC8569D9}.Debug|Any CPU.Build.0 = Debug|Any CPU
		{5E1E869C-792F-4633-83A4-D72FEC8569D9}.Release|Any CPU.ActiveCfg = Release|Any CPU
		{5E1E869C-792F-4633-83A4-D72FEC8569D9}.Release|Any CPU.Build.0 = Release|Any CPU
		{96A53BDA-BDA3-46D0-A953-E0A255F6AA77}.Debug|Any CPU.ActiveCfg = Debug|Any CPU
		{96A53BDA-BDA3-46D0-A953-E0A255F6AA77}.Debug|Any CPU.Build.0 = Debug|Any CPU
		{96A53BDA-BDA3-46D0-A953-E0A255F6AA77}.Release|Any CPU.ActiveCfg = Release|Any CPU
		{96A53BDA-BDA3-46D0-A953-E0A255F6AA77}.Release|Any CPU.Build.0 = Release|Any CPU
		{68FB749C-0825-4CD9-89DC-8A323CA14B8F}.Debug|Any CPU.ActiveCfg = Debug|Any CPU
		{68FB749C-0825-4CD9-89DC-8A323CA14B8F}.Debug|Any CPU.Build.0 = Debug|Any CPU
		{68FB749C-0825-4CD9-89DC-8A323CA14B8F}.Release|Any CPU.ActiveCfg = Release|Any CPU
		{68FB749C-0825-4CD9-89DC-8A323CA14B8F}.Release|Any CPU.Build.0 = Release|Any CPU
		{8D71C5AB-D093-457A-9E83-8A66559D764B}.Debug|Any CPU.ActiveCfg = Debug|Any CPU
		{8D71C5AB-D093-457A-9E83-8A66559D764B}.Debug|Any CPU.Build.0 = Debug|Any CPU
		{8D71C5AB-D093-457A-9E83-8A66559D764B}.Release|Any CPU.ActiveCfg = Release|Any CPU
		{8D71C5AB-D093-457A-9E83-8A66559D764B}.Release|Any CPU.Build.0 = Release|Any CPU
	EndGlobalSection
	GlobalSection(SolutionProperties) = preSolution
		HideSolutionNode = FALSE
	EndGlobalSection
	GlobalSection(ExtensibilityGlobals) = postSolution
		SolutionGuid = {8138381C-B5EE-4028-B803-468EC61929D9}
	EndGlobalSection
	GlobalSection(NestedProjects) = preSolution
		{B2B7A1C4-88C9-4FCD-8A3C-DCB28CB4A320} = {838949D0-6419-4983-8EE4-6A12F65661AA}
		{D5FA2B7A-BEE2-42E3-9C40-C10CDB987C9A} = {7EBD42F4-A0F4-482F-90BC-A07A6FFDAA87}
		{96A53BDA-BDA3-46D0-A953-E0A255F6AA77} = {7EBD42F4-A0F4-482F-90BC-A07A6FFDAA87}
		{68FB749C-0825-4CD9-89DC-8A323CA14B8F} = {7EBD42F4-A0F4-482F-90BC-A07A6FFDAA87}
		{8D71C5AB-D093-457A-9E83-8A66559D764B} = {7EBD42F4-A0F4-482F-90BC-A07A6FFDAA87}
	EndGlobalSection
EndGlobal
